{
    "version": 3,
    "terraform_version": "0.11.1",
    "serial": 3,
    "lineage": "4d8ffb6f-d9d8-439b-9df6-f70719cf9b38",
    "modules": [
        {
            "path": [
                "root"
            ],
            "outputs": {},
            "resources": {
                "aviatrix_account.example": {
                    "type": "aviatrix_account",
                    "depends_on": [],
                    "primary": {
                        "id": "bernard-aws",
                        "attributes": {
                            "account_email": "bernard@aviatrix.com",
                            "account_name": "bernard-aws",
                            "account_password": "Aviatrix1234$",
                            "aws_access_key": "AKIAIBR23KUJMGNNWJTQ",
                            "aws_account_number": "267986079591",
                            "aws_secret_key": "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",
                            "cloud_type": "1",
                            "id": "bernard-aws"
                        },
                        "meta": {},
                        "tainted": false
                    },
                    "deposed": [],
                    "provider": "provider.aviatrix"
                },
                "aviatrix_gateway.VPC-GW.0": {
                    "type": "aviatrix_gateway",
                    "depends_on": [
                        "aviatrix_account.example",
                        "aws_subnet.VPC-public.*",
                        "aws_vpc.VPC.*"
                    ],
                    "primary": {
                        "id": "VPC-GW-0",
                        "attributes": {
                            "account_name": "bernard-aws",
                            "cloud_type": "1",
                            "gw_name": "VPC-GW-0",
                            "id": "VPC-GW-0",
                            "vpc_id": "vpc-17251d7e~~VPC-0",
                            "vpc_net": "10.1.0.0/24",
                            "vpc_reg": "ca-central-1",
                            "vpc_size": "t2.micro"
                        },
                        "meta": {},
                        "tainted": false
                    },
                    "deposed": [],
                    "provider": "provider.aviatrix"
                },
                "aviatrix_gateway.VPC-GW.2": {
                    "type": "aviatrix_gateway",
                    "depends_on": [
                        "aviatrix_account.example",
                        "aws_subnet.VPC-public.*",
                        "aws_vpc.VPC.*"
                    ],
                    "primary": {
                        "id": "VPC-GW-2",
                        "attributes": {
                            "account_name": "bernard-aws",
                            "cloud_type": "1",
                            "gw_name": "VPC-GW-2",
                            "id": "VPC-GW-2",
                            "vpc_id": "vpc-16251d7f~~VPC-2",
                            "vpc_net": "10.1.2.0/24",
                            "vpc_reg": "ca-central-1",
                            "vpc_size": "t2.micro"
                        },
                        "meta": {},
                        "tainted": false
                    },
                    "deposed": [],
                    "provider": "provider.aviatrix"
                },
                "aws_internet_gateway.VPC-gw.0": {
                    "type": "aws_internet_gateway",
                    "depends_on": [
                        "aws_vpc.VPC.*"
                    ],
                    "primary": {
                        "id": "igw-16b5db7f",
                        "attributes": {
                            "id": "igw-16b5db7f",
                            "tags.%": "1",
                            "tags.Name": "VPC-gw-0",
                            "vpc_id": "vpc-17251d7e"
                        },
                        "meta": {},
                        "tainted": false
                    },
                    "deposed": [],
                    "provider": "provider.aws"
                },
                "aws_internet_gateway.VPC-gw.2": {
                    "type": "aws_internet_gateway",
                    "depends_on": [
                        "aws_vpc.VPC.*"
                    ],
                    "primary": {
                        "id": "igw-08b2dc61",
                        "attributes": {
                            "id": "igw-08b2dc61",
                            "tags.%": "1",
                            "tags.Name": "VPC-gw-2",
                            "vpc_id": "vpc-16251d7f"
                        },
                        "meta": {},
                        "tainted": false
                    },
                    "deposed": [],
                    "provider": "provider.aws"
                },
                "aws_subnet.VPC-public.0": {
                    "type": "aws_subnet",
                    "depends_on": [
                        "aws_vpc.VPC.*"
                    ],
                    "primary": {
                        "id": "subnet-7578701c",
                        "attributes": {
                            "assign_ipv6_address_on_creation": "false",
                            "availability_zone": "ca-central-1a",
                            "cidr_block": "10.1.0.0/24",
                            "id": "subnet-7578701c",
                            "map_public_ip_on_launch": "true",
                            "tags.%": "1",
                            "tags.Name": "VPC-public-0",
                            "vpc_id": "vpc-17251d7e"
                        },
                        "meta": {
                            "schema_version": "1"
                        },
                        "tainted": false
                    },
                    "deposed": [],
                    "provider": "provider.aws"
                },
                "aws_subnet.VPC-public.1": {
                    "type": "aws_subnet",
                    "depends_on": [
                        "aws_vpc.VPC.*"
                    ],
                    "primary": {
                        "id": "subnet-84666eed",
                        "attributes": {
                            "assign_ipv6_address_on_creation": "false",
                            "availability_zone": "ca-central-1a",
                            "cidr_block": "10.1.1.0/24",
                            "id": "subnet-84666eed",
                            "map_public_ip_on_launch": "true",
                            "tags.%": "1",
                            "tags.Name": "VPC-public-1",
                            "vpc_id": "vpc-c2271fab"
                        },
                        "meta": {
                            "schema_version": "1"
                        },
                        "tainted": false
                    },
                    "deposed": [],
                    "provider": "provider.aws"
                },
                "aws_subnet.VPC-public.2": {
                    "type": "aws_subnet",
                    "depends_on": [
                        "aws_vpc.VPC.*"
                    ],
                    "primary": {
                        "id": "subnet-7278701b",
                        "attributes": {
                            "assign_ipv6_address_on_creation": "false",
                            "availability_zone": "ca-central-1a",
                            "cidr_block": "10.1.2.0/24",
                            "id": "subnet-7278701b",
                            "map_public_ip_on_launch": "true",
                            "tags.%": "1",
                            "tags.Name": "VPC-public-2",
                            "vpc_id": "vpc-16251d7f"
                        },
                        "meta": {
                            "schema_version": "1"
                        },
                        "tainted": false
                    },
                    "deposed": [],
                    "provider": "provider.aws"
                },
                "aws_vpc.VPC.0": {
                    "type": "aws_vpc",
                    "depends_on": [],
                    "primary": {
                        "id": "vpc-17251d7e",
                        "attributes": {
                            "assign_generated_ipv6_cidr_block": "false",
                            "cidr_block": "10.1.0.0/24",
                            "default_network_acl_id": "acl-43dbcc2a",
                            "default_route_table_id": "rtb-2b839842",
                            "default_security_group_id": "sg-3b008f53",
                            "dhcp_options_id": "dopt-f7872a9e",
                            "enable_classiclink": "false",
                            "enable_dns_hostnames": "true",
                            "enable_dns_support": "true",
                            "id": "vpc-17251d7e",
                            "instance_tenancy": "default",
                            "main_route_table_id": "rtb-2b839842",
                            "tags.%": "1",
                            "tags.Name": "VPC-0"
                        },
                        "meta": {
                            "schema_version": "1"
                        },
                        "tainted": false
                    },
                    "deposed": [],
                    "provider": "provider.aws"
                },
                "aws_vpc.VPC.1": {
                    "type": "aws_vpc",
                    "depends_on": [],
                    "primary": {
                        "id": "vpc-c2271fab",
                        "attributes": {
                            "assign_generated_ipv6_cidr_block": "false",
                            "cidr_block": "10.1.1.0/24",
                            "default_network_acl_id": "acl-efdacd86",
                            "default_route_table_id": "rtb-048e956d",
                            "default_security_group_id": "sg-1a1f9072",
                            "dhcp_options_id": "dopt-f7872a9e",
                            "enable_classiclink": "false",
                            "enable_dns_hostnames": "true",
                            "enable_dns_support": "true",
                            "id": "vpc-c2271fab",
                            "instance_tenancy": "default",
                            "main_route_table_id": "rtb-048e956d",
                            "tags.%": "1",
                            "tags.Name": "VPC-1"
                        },
                        "meta": {
                            "schema_version": "1"
                        },
                        "tainted": false
                    },
                    "deposed": [],
                    "provider": "provider.aws"
                },
                "aws_vpc.VPC.2": {
                    "type": "aws_vpc",
                    "depends_on": [],
                    "primary": {
                        "id": "vpc-16251d7f",
                        "attributes": {
                            "assign_generated_ipv6_cidr_block": "false",
                            "cidr_block": "10.1.2.0/24",
                            "default_network_acl_id": "acl-42dbcc2b",
                            "default_route_table_id": "rtb-2a839843",
                            "default_security_group_id": "sg-3c008f54",
                            "dhcp_options_id": "dopt-f7872a9e",
                            "enable_classiclink": "false",
                            "enable_dns_hostnames": "true",
                            "enable_dns_support": "true",
                            "id": "vpc-16251d7f",
                            "instance_tenancy": "default",
                            "main_route_table_id": "rtb-2a839843",
                            "tags.%": "1",
                            "tags.Name": "VPC-2"
                        },
                        "meta": {
                            "schema_version": "1"
                        },
                        "tainted": false
                    },
                    "deposed": [],
                    "provider": "provider.aws"
                }
            },
            "depends_on": []
        }
    ]
}
